
Microsoft Visual Studio Solution File, Format Version 12.00
# Visual Studio Version 16
VisualStudioVersion = 16.0.29806.167
MinimumVisualStudioVersion = 10.0.40219.1
Project("{FAE04EC0-301F-11D3-BF4B-00C04F79EFBC}") = "WinFormKOS", "WinFormKOS\WinFormKOS.csproj", "{B7C250D7-A33A-4C2F-BB03-0D0BBD4131B9}"
EndProject
Global
	GlobalSection(SolutionConfigurationPlatforms) = preSolution
		Debug|Any CPU = Debug|Any CPU
		Release|Any CPU = Release|Any CPU
	EndGlobalSection
	GlobalSection(ProjectConfigurationPlatforms) = postSolution
		{B7C250D7-A33A-4C2F-BB03-0D0BBD4131B9}.Debug|Any CPU.ActiveCfg = Debug|Any CPU
		{B7C250D7-A33A-4C2F-BB03-0D0BBD4131B9}.Debug|Any CPU.Build.0 = Debug|Any CPU
		{B7C250D7-A33A-4C2F-BB03-0D0BBD4131B9}.Release|Any CPU.ActiveCfg = Release|Any CPU
		{B7C250D7-A33A-4C2F-BB03-0D0BBD4131B9}.Release|Any CPU.Build.0 = Release|Any CPU
	EndGlobalSection
	GlobalSection(SolutionProperties) = preSolution
		HideSolutionNode = FALSE
	EndGlobalSection
	GlobalSection(ExtensibilityGlobals) = postSolution
		SolutionGuid = {57EB09B8-5751-42A8-B6EC-1DFC5F7FDBE4}
	EndGlobalSection
EndGlobal
